
Microsoft Visual Studio Solution File, Format Version 12.00
# Visual Studio Version 16
VisualStudioVersion = 16.0.30114.105
MinimumVisualStudioVersion = 10.0.40219.1
Project("{FAE04EC0-301F-11D3-BF4B-00C04F79EFBC}") = "R5T.S0033", "R5T.S0033\R5T.S0033.csproj", "{1AC6E81E-763F-422B-8B34-A71BC7062739}"
EndProject
Project("{2150E333-8FDC-42A3-9474-1A3956D46DE8}") = "_Dependencies", "_Dependencies", "{BD5AE551-5F09-40E9-A9F5-8C8EBF3C1F9B}"
EndProject
Project("{FAE04EC0-301F-11D3-BF4B-00C04F79EFBC}") = "R5T.Plymouth.ProgramAsAService", "..\..\R5T.Plymouth\source\R5T.Plymouth.ProgramAsAService\R5T.Plymouth.ProgramAsAService.csproj", "{A3578880-7F88-4A54-9190-CD2D2DC80C6F}"
EndProject
Project("{FAE04EC0-301F-11D3-BF4B-00C04F79EFBC}") = "R5T.T0027.T009", "..\..\R5T.T0027\source\R5T.T0027.T009\R5T.T0027.T009.csproj", "{B4DFFE78-7F17-44A0-B540-6951540B8ECC}"
EndProject
Project("{FAE04EC0-301F-11D3-BF4B-00C04F79EFBC}") = "R5T.S0033.Lib", "R5T.S0033.Lib\R5T.S0033.Lib.csproj", "{6613A72B-3DB4-43B2-84AF-D77E7308CE29}"
EndProject
Project("{FAE04EC0-301F-11D3-BF4B-00C04F79EFBC}") = "R5T.Magyar", "..\..\R5T.Magyar\source\R5T.Magyar\R5T.Magyar.csproj", "{A26A9C99-88C4-4ADC-ACC6-0AED2543F110}"
EndProject
Project("{FAE04EC0-301F-11D3-BF4B-00C04F79EFBC}") = "R5T.T0039.T002", "..\..\R5T.T0039\source\R5T.T0039.T002\R5T.T0039.T002.csproj", "{D0C6FF92-4C22-4F7C-AA64-78D9D9FC074A}"
EndProject
Global
	GlobalSection(SolutionConfigurationPlatforms) = preSolution
		Debug|Any CPU = Debug|Any CPU
		Debug|x64 = Debug|x64
		Debug|x86 = Debug|x86
		Release|Any CPU = Release|Any CPU
		Release|x64 = Release|x64
		Release|x86 = Release|x86
	EndGlobalSection
	GlobalSection(SolutionProperties) = preSolution
		HideSolutionNode = FALSE
	EndGlobalSection
	GlobalSection(ProjectConfigurationPlatforms) = postSolution
		{1AC6E81E-763F-422B-8B34-A71BC7062739}.Debug|Any CPU.ActiveCfg = Debug|Any CPU
		{1AC6E81E-763F-422B-8B34-A71BC7062739}.Debug|Any CPU.Build.0 = Debug|Any CPU
		{1AC6E81E-763F-422B-8B34-A71BC7062739}.Debug|x64.ActiveCfg = Debug|Any CPU
		{1AC6E81E-763F-422B-8B34-A71BC7062739}.Debug|x64.Build.0 = Debug|Any CPU
		{1AC6E81E-763F-422B-8B34-A71BC7062739}.Debug|x86.ActiveCfg = Debug|Any CPU
		{1AC6E81E-763F-422B-8B34-A71BC7062739}.Debug|x86.Build.0 = Debug|Any CPU
		{1AC6E81E-763F-422B-8B34-A71BC7062739}.Release|Any CPU.ActiveCfg = Release|Any CPU
		{1AC6E81E-763F-422B-8B34-A71BC7062739}.Release|Any CPU.Build.0 = Release|Any CPU
		{1AC6E81E-763F-422B-8B34-A71BC7062739}.Release|x64.ActiveCfg = Release|Any CPU
		{1AC6E81E-763F-422B-8B34-A71BC7062739}.Release|x64.Build.0 = Release|Any CPU
		{1AC6E81E-763F-422B-8B34-A71BC7062739}.Release|x86.ActiveCfg = Release|Any CPU
		{1AC6E81E-763F-422B-8B34-A71BC7062739}.Release|x86.Build.0 = Release|Any CPU
		{A3578880-7F88-4A54-9190-CD2D2DC80C6F}.Debug|Any CPU.ActiveCfg = Debug|Any CPU
		{A3578880-7F88-4A54-9190-CD2D2DC80C6F}.Debug|Any CPU.Build.0 = Debug|Any CPU
		{A3578880-7F88-4A54-9190-CD2D2DC80C6F}.Debug|x64.ActiveCfg = Debug|Any CPU
		{A3578880-7F88-4A54-9190-CD2D2DC80C6F}.Debug|x64.Build.0 = Debug|Any CPU
		{A3578880-7F88-4A54-9190-CD2D2DC80C6F}.Debug|x86.ActiveCfg = Debug|Any CPU
		{A3578880-7F88-4A54-9190-CD2D2DC80C6F}.Debug|x86.Build.0 = Debug|Any CPU
		{A3578880-7F88-4A54-9190-CD2D2DC80C6F}.Release|Any CPU.ActiveCfg = Release|Any CPU
		{A3578880-7F88-4A54-9190-CD2D2DC80C6F}.Release|Any CPU.Build.0 = Release|Any CPU
		{A3578880-7F88-4A54-9190-CD2D2DC80C6F}.Release|x64.ActiveCfg = Release|Any CPU
		{A3578880-7F88-4A54-9190-CD2D2DC80C6F}.Release|x64.Build.0 = Release|Any CPU
		{A3578880-7F88-4A54-9190-CD2D2DC80C6F}.Release|x86.ActiveCfg = Release|Any CPU
		{A3578880-7F88-4A54-9190-CD2D2DC80C6F}.Release|x86.Build.0 = Release|Any CPU
		{B4DFFE78-7F17-44A0-B540-6951540B8ECC}.Debug|Any CPU.ActiveCfg = Debug|Any CPU
		{B4DFFE78-7F17-44A0-B540-6951540B8ECC}.Debug|Any CPU.Build.0 = Debug|Any CPU
		{B4DFFE78-7F17-44A0-B540-6951540B8ECC}.Debug|x64.ActiveCfg = Debug|Any CPU
		{B4DFFE78-7F17-44A0-B540-6951540B8ECC}.Debug|x64.Build.0 = Debug|Any CPU
		{B4DFFE78-7F17-44A0-B540-6951540B8ECC}.Debug|x86.ActiveCfg = Debug|Any CPU
		{B4DFFE78-7F17-44A0-B540-6951540B8ECC}.Debug|x86.Build.0 = Debug|Any CPU
		{B4DFFE78-7F17-44A0-B540-6951540B8ECC}.Release|Any CPU.ActiveCfg = Release|Any CPU
		{B4DFFE78-7F17-44A0-B540-6951540B8ECC}.Release|Any CPU.Build.0 = Release|Any CPU
		{B4DFFE78-7F17-44A0-B540-6951540B8ECC}.Release|x64.ActiveCfg = Release|Any CPU
		{B4DFFE78-7F17-44A0-B540-6951540B8ECC}.Release|x64.Build.0 = Release|Any CPU
		{B4DFFE78-7F17-44A0-B540-6951540B8ECC}.Release|x86.ActiveCfg = Release|Any CPU
		{B4DFFE78-7F17-44A0-B540-6951540B8ECC}.Release|x86.Build.0 = Release|Any CPU
		{6613A72B-3DB4-43B2-84AF-D77E7308CE29}.Debug|Any CPU.ActiveCfg = Debug|Any CPU
		{6613A72B-3DB4-43B2-84AF-D77E7308CE29}.Debug|Any CPU.Build.0 = Debug|Any CPU
		{6613A72B-3DB4-43B2-84AF-D77E7308CE29}.Debug|x64.ActiveCfg = Debug|Any CPU
		{6613A72B-3DB4-43B2-84AF-D77E7308CE29}.Debug|x64.Build.0 = Debug|Any CPU
		{6613A72B-3DB4-43B2-84AF-D77E7308CE29}.Debug|x86.ActiveCfg = Debug|Any CPU
		{6613A72B-3DB4-43B2-84AF-D77E7308CE29}.Debug|x86.Build.0 = Debug|Any CPU
		{6613A72B-3DB4-43B2-84AF-D77E7308CE29}.Release|Any CPU.ActiveCfg = Release|Any CPU
		{6613A72B-3DB4-43B2-84AF-D77E7308CE29}.Release|Any CPU.Build.0 = Release|Any CPU
		{6613A72B-3DB4-43B2-84AF-D77E7308CE29}.Release|x64.ActiveCfg = Release|Any CPU
		{6613A72B-3DB4-43B2-84AF-D77E7308CE29}.Release|x64.Build.0 = Release|Any CPU
		{6613A72B-3DB4-43B2-84AF-D77E7308CE29}.Release|x86.ActiveCfg = Release|Any CPU
		{6613A72B-3DB4-43B2-84AF-D77E7308CE29}.Release|x86.Build.0 = Release|Any CPU
		{A26A9C99-88C4-4ADC-ACC6-0AED2543F110}.Debug|Any CPU.ActiveCfg = Debug|Any CPU
		{A26A9C99-88C4-4ADC-ACC6-0AED2543F110}.Debug|Any CPU.Build.0 = Debug|Any CPU
		{A26A9C99-88C4-4ADC-ACC6-0AED2543F110}.Debug|x64.ActiveCfg = Debug|Any CPU
		{A26A9C99-88C4-4ADC-ACC6-0AED2543F110}.Debug|x64.Build.0 = Debug|Any CPU
		{A26A9C99-88C4-4ADC-ACC6-0AED2543F110}.Debug|x86.ActiveCfg = Debug|Any CPU
		{A26A9C99-88C4-4ADC-ACC6-0AED2543F110}.Debug|x86.Build.0 = Debug|Any CPU
		{A26A9C99-88C4-4ADC-ACC6-0AED2543F110}.Release|Any CPU.ActiveCfg = Release|Any CPU
		{A26A9C99-88C4-4ADC-ACC6-0AED2543F110}.Release|Any CPU.Build.0 = Release|Any CPU
		{A26A9C99-88C4-4ADC-ACC6-0AED2543F110}.Release|x64.ActiveCfg = Release|Any CPU
		{A26A9C99-88C4-4ADC-ACC6-0AED2543F110}.Release|x64.Build.0 = Release|Any CPU
		{A26A9C99-88C4-4ADC-ACC6-0AED2543F110}.Release|x86.ActiveCfg = Release|Any CPU
		{A26A9C99-88C4-4ADC-ACC6-0AED2543F110}.Release|x86.Build.0 = Release|Any CPU
		{D0C6FF92-4C22-4F7C-AA64-78D9D9FC074A}.Debug|Any CPU.ActiveCfg = Debug|Any CPU
		{D0C6FF92-4C22-4F7C-AA64-78D9D9FC074A}.Debug|Any CPU.Build.0 = Debug|Any CPU
		{D0C6FF92-4C22-4F7C-AA64-78D9D9FC074A}.Debug|x64.ActiveCfg = Debug|Any CPU
		{D0C6FF92-4C22-4F7C-AA64-78D9D9FC074A}.Debug|x64.Build.0 = Debug|Any CPU
		{D0C6FF92-4C22-4F7C-AA64-78D9D9FC074A}.Debug|x86.ActiveCfg = Debug|Any CPU
		{D0C6FF92-4C22-4F7C-AA64-78D9D9FC074A}.Debug|x86.Build.0 = Debug|Any CPU
		{D0C6FF92-4C22-4F7C-AA64-78D9D9FC074A}.Release|Any CPU.ActiveCfg = Release|Any CPU
		{D0C6FF92-4C22-4F7C-AA64-78D9D9FC074A}.Release|Any CPU.Build.0 = Release|Any CPU
		{D0C6FF92-4C22-4F7C-AA64-78D9D9FC074A}.Release|x64.ActiveCfg = Release|Any CPU
		{D0C6FF92-4C22-4F7C-AA64-78D9D9FC074A}.Release|x64.Build.0 = Release|Any CPU
		{D0C6FF92-4C22-4F7C-AA64-78D9D9FC074A}.Release|x86.ActiveCfg = Release|Any CPU
		{D0C6FF92-4C22-4F7C-AA64-78D9D9FC074A}.Release|x86.Build.0 = Release|Any CPU
	EndGlobalSection
	GlobalSection(NestedProjects) = preSolution
		{A3578880-7F88-4A54-9190-CD2D2DC80C6F} = {BD5AE551-5F09-40E9-A9F5-8C8EBF3C1F9B}
		{B4DFFE78-7F17-44A0-B540-6951540B8ECC} = {BD5AE551-5F09-40E9-A9F5-8C8EBF3C1F9B}
		{A26A9C99-88C4-4ADC-ACC6-0AED2543F110} = {BD5AE551-5F09-40E9-A9F5-8C8EBF3C1F9B}
		{D0C6FF92-4C22-4F7C-AA64-78D9D9FC074A} = {BD5AE551-5F09-40E9-A9F5-8C8EBF3C1F9B}
	EndGlobalSection
EndGlobal
