
Microsoft Visual Studio Solution File, Format Version 12.00
# Visual Studio Version 16
VisualStudioVersion = 16.0.30114.105
MinimumVisualStudioVersion = 10.0.40219.1
Project("{9A19103F-16F7-4668-BE54-9A1E7A4F7556}") = "R5T.S0033", "R5T.S0033\R5T.S0033.csproj", "{1AC6E81E-763F-422B-8B34-A71BC7062739}"
EndProject
Project("{2150E333-8FDC-42A3-9474-1A3956D46DE8}") = "_Dependencies", "_Dependencies", "{BD5AE551-5F09-40E9-A9F5-8C8EBF3C1F9B}"
EndProject
Project("{9A19103F-16F7-4668-BE54-9A1E7A4F7556}") = "R5T.S0033.Lib", "R5T.S0033.Lib\R5T.S0033.Lib.csproj", "{6613A72B-3DB4-43B2-84AF-D77E7308CE29}"
EndProject
Project("{9A19103F-16F7-4668-BE54-9A1E7A4F7556}") = "R5T.Magyar", "..\..\R5T.Magyar\source\R5T.Magyar\R5T.Magyar.csproj", "{A26A9C99-88C4-4ADC-ACC6-0AED2543F110}"
EndProject
Project("{9A19103F-16F7-4668-BE54-9A1E7A4F7556}") = "R5T.T0132", "..\..\R5T.T0132\source\R5T.T0132\R5T.T0132.csproj", "{0AEE7973-776A-4A68-BA83-4EB0F8200613}"
EndProject
Project("{9A19103F-16F7-4668-BE54-9A1E7A4F7556}") = "R5T.F0005", "..\..\R5T.F0005\source\R5T.F0005\R5T.F0005.csproj", "{C0152BF5-5BCD-4B89-9EC2-9DF7DBF0FBA5}"
EndProject
Project("{9A19103F-16F7-4668-BE54-9A1E7A4F7556}") = "R5T.S0032.F001", "..\..\R5T.S0032\source\R5T.S0032.F001\R5T.S0032.F001.csproj", "{1136B775-4C4F-422D-910B-89B753276277}"
EndProject
Project("{9A19103F-16F7-4668-BE54-9A1E7A4F7556}") = "R5T.B0006.X0002", "..\..\R5T.B0006.X0002\source\R5T.B0006.X0002\R5T.B0006.X0002.csproj", "{4E9A3173-BA62-45B5-9C56-4EE7D4FEDC11}"
EndProject
Project("{9A19103F-16F7-4668-BE54-9A1E7A4F7556}") = "R5T.L0011", "..\..\R5T.L0011\source\R5T.L0011\R5T.L0011.csproj", "{66B849A7-8488-4014-BE4A-C7ABC016E9A8}"
EndProject
Project("{9A19103F-16F7-4668-BE54-9A1E7A4F7556}") = "R5T.X0005", "..\..\R5T.X0005\source\R5T.X0005\R5T.X0005.csproj", "{E76C5108-2EE1-4763-BF6C-4058A821272A}"
EndProject
Project("{9A19103F-16F7-4668-BE54-9A1E7A4F7556}") = "R5T.F0003", "..\..\R5T.F0003\source\R5T.F0003\R5T.F0003.csproj", "{A13BC9D2-8641-4B94-BE46-9904A59C3B98}"
EndProject
Project("{9A19103F-16F7-4668-BE54-9A1E7A4F7556}") = "R5T.B0006", "..\..\R5T.B0006\source\R5T.B0006\R5T.B0006.csproj", "{98E99D7E-22A3-4871-A51E-CA173D3E0A65}"
EndProject
Project("{9A19103F-16F7-4668-BE54-9A1E7A4F7556}") = "R5T.T0039.T002", "..\..\R5T.T0039\source\R5T.T0039.T002\R5T.T0039.T002.csproj", "{C58A2D63-7B37-48AE-B4CB-4E1F5D3268FB}"
EndProject
Project("{9A19103F-16F7-4668-BE54-9A1E7A4F7556}") = "R5T.T0131", "..\..\R5T.T0131\source\R5T.T0131\R5T.T0131.csproj", "{C25DF412-282D-4222-89A3-1F691C14D961}"
EndProject
Global
	GlobalSection(SolutionConfigurationPlatforms) = preSolution
		Debug|Any CPU = Debug|Any CPU
		Debug|x64 = Debug|x64
		Debug|x86 = Debug|x86
		Release|Any CPU = Release|Any CPU
		Release|x64 = Release|x64
		Release|x86 = Release|x86
	EndGlobalSection
	GlobalSection(ProjectConfigurationPlatforms) = postSolution
		{1AC6E81E-763F-422B-8B34-A71BC7062739}.Debug|Any CPU.ActiveCfg = Debug|Any CPU
		{1AC6E81E-763F-422B-8B34-A71BC7062739}.Debug|Any CPU.Build.0 = Debug|Any CPU
		{1AC6E81E-763F-422B-8B34-A71BC7062739}.Debug|x64.ActiveCfg = Debug|Any CPU
		{1AC6E81E-763F-422B-8B34-A71BC7062739}.Debug|x64.Build.0 = Debug|Any CPU
		{1AC6E81E-763F-422B-8B34-A71BC7062739}.Debug|x86.ActiveCfg = Debug|Any CPU
		{1AC6E81E-763F-422B-8B34-A71BC7062739}.Debug|x86.Build.0 = Debug|Any CPU
		{1AC6E81E-763F-422B-8B34-A71BC7062739}.Release|Any CPU.ActiveCfg = Release|Any CPU
		{1AC6E81E-763F-422B-8B34-A71BC7062739}.Release|Any CPU.Build.0 = Release|Any CPU
		{1AC6E81E-763F-422B-8B34-A71BC7062739}.Release|x64.ActiveCfg = Release|Any CPU
		{1AC6E81E-763F-422B-8B34-A71BC7062739}.Release|x64.Build.0 = Release|Any CPU
		{1AC6E81E-763F-422B-8B34-A71BC7062739}.Release|x86.ActiveCfg = Release|Any CPU
		{1AC6E81E-763F-422B-8B34-A71BC7062739}.Release|x86.Build.0 = Release|Any CPU
		{6613A72B-3DB4-43B2-84AF-D77E7308CE29}.Debug|Any CPU.ActiveCfg = Debug|Any CPU
		{6613A72B-3DB4-43B2-84AF-D77E7308CE29}.Debug|Any CPU.Build.0 = Debug|Any CPU
		{6613A72B-3DB4-43B2-84AF-D77E7308CE29}.Debug|x64.ActiveCfg = Debug|Any CPU
		{6613A72B-3DB4-43B2-84AF-D77E7308CE29}.Debug|x64.Build.0 = Debug|Any CPU
		{6613A72B-3DB4-43B2-84AF-D77E7308CE29}.Debug|x86.ActiveCfg = Debug|Any CPU
		{6613A72B-3DB4-43B2-84AF-D77E7308CE29}.Debug|x86.Build.0 = Debug|Any CPU
		{6613A72B-3DB4-43B2-84AF-D77E7308CE29}.Release|Any CPU.ActiveCfg = Release|Any CPU
		{6613A72B-3DB4-43B2-84AF-D77E7308CE29}.Release|Any CPU.Build.0 = Release|Any CPU
		{6613A72B-3DB4-43B2-84AF-D77E7308CE29}.Release|x64.ActiveCfg = Release|Any CPU
		{6613A72B-3DB4-43B2-84AF-D77E7308CE29}.Release|x64.Build.0 = Release|Any CPU
		{6613A72B-3DB4-43B2-84AF-D77E7308CE29}.Release|x86.ActiveCfg = Release|Any CPU
		{6613A72B-3DB4-43B2-84AF-D77E7308CE29}.Release|x86.Build.0 = Release|Any CPU
		{A26A9C99-88C4-4ADC-ACC6-0AED2543F110}.Debug|Any CPU.ActiveCfg = Debug|Any CPU
		{A26A9C99-88C4-4ADC-ACC6-0AED2543F110}.Debug|Any CPU.Build.0 = Debug|Any CPU
		{A26A9C99-88C4-4ADC-ACC6-0AED2543F110}.Debug|x64.ActiveCfg = Debug|Any CPU
		{A26A9C99-88C4-4ADC-ACC6-0AED2543F110}.Debug|x64.Build.0 = Debug|Any CPU
		{A26A9C99-88C4-4ADC-ACC6-0AED2543F110}.Debug|x86.ActiveCfg = Debug|Any CPU
		{A26A9C99-88C4-4ADC-ACC6-0AED2543F110}.Debug|x86.Build.0 = Debug|Any CPU
		{A26A9C99-88C4-4ADC-ACC6-0AED2543F110}.Release|Any CPU.ActiveCfg = Release|Any CPU
		{A26A9C99-88C4-4ADC-ACC6-0AED2543F110}.Release|Any CPU.Build.0 = Release|Any CPU
		{A26A9C99-88C4-4ADC-ACC6-0AED2543F110}.Release|x64.ActiveCfg = Release|Any CPU
		{A26A9C99-88C4-4ADC-ACC6-0AED2543F110}.Release|x64.Build.0 = Release|Any CPU
		{A26A9C99-88C4-4ADC-ACC6-0AED2543F110}.Release|x86.ActiveCfg = Release|Any CPU
		{A26A9C99-88C4-4ADC-ACC6-0AED2543F110}.Release|x86.Build.0 = Release|Any CPU
		{0AEE7973-776A-4A68-BA83-4EB0F8200613}.Debug|Any CPU.ActiveCfg = Debug|Any CPU
		{0AEE7973-776A-4A68-BA83-4EB0F8200613}.Debug|Any CPU.Build.0 = Debug|Any CPU
		{0AEE7973-776A-4A68-BA83-4EB0F8200613}.Debug|x64.ActiveCfg = Debug|Any CPU
		{0AEE7973-776A-4A68-BA83-4EB0F8200613}.Debug|x64.Build.0 = Debug|Any CPU
		{0AEE7973-776A-4A68-BA83-4EB0F8200613}.Debug|x86.ActiveCfg = Debug|Any CPU
		{0AEE7973-776A-4A68-BA83-4EB0F8200613}.Debug|x86.Build.0 = Debug|Any CPU
		{0AEE7973-776A-4A68-BA83-4EB0F8200613}.Release|Any CPU.ActiveCfg = Release|Any CPU
		{0AEE7973-776A-4A68-BA83-4EB0F8200613}.Release|Any CPU.Build.0 = Release|Any CPU
		{0AEE7973-776A-4A68-BA83-4EB0F8200613}.Release|x64.ActiveCfg = Release|Any CPU
		{0AEE7973-776A-4A68-BA83-4EB0F8200613}.Release|x64.Build.0 = Release|Any CPU
		{0AEE7973-776A-4A68-BA83-4EB0F8200613}.Release|x86.ActiveCfg = Release|Any CPU
		{0AEE7973-776A-4A68-BA83-4EB0F8200613}.Release|x86.Build.0 = Release|Any CPU
		{C0152BF5-5BCD-4B89-9EC2-9DF7DBF0FBA5}.Debug|Any CPU.ActiveCfg = Debug|Any CPU
		{C0152BF5-5BCD-4B89-9EC2-9DF7DBF0FBA5}.Debug|Any CPU.Build.0 = Debug|Any CPU
		{C0152BF5-5BCD-4B89-9EC2-9DF7DBF0FBA5}.Debug|x64.ActiveCfg = Debug|Any CPU
		{C0152BF5-5BCD-4B89-9EC2-9DF7DBF0FBA5}.Debug|x64.Build.0 = Debug|Any CPU
		{C0152BF5-5BCD-4B89-9EC2-9DF7DBF0FBA5}.Debug|x86.ActiveCfg = Debug|Any CPU
		{C0152BF5-5BCD-4B89-9EC2-9DF7DBF0FBA5}.Debug|x86.Build.0 = Debug|Any CPU
		{C0152BF5-5BCD-4B89-9EC2-9DF7DBF0FBA5}.Release|Any CPU.ActiveCfg = Release|Any CPU
		{C0152BF5-5BCD-4B89-9EC2-9DF7DBF0FBA5}.Release|Any CPU.Build.0 = Release|Any CPU
		{C0152BF5-5BCD-4B89-9EC2-9DF7DBF0FBA5}.Release|x64.ActiveCfg = Release|Any CPU
		{C0152BF5-5BCD-4B89-9EC2-9DF7DBF0FBA5}.Release|x64.Build.0 = Release|Any CPU
		{C0152BF5-5BCD-4B89-9EC2-9DF7DBF0FBA5}.Release|x86.ActiveCfg = Release|Any CPU
		{C0152BF5-5BCD-4B89-9EC2-9DF7DBF0FBA5}.Release|x86.Build.0 = Release|Any CPU
		{1136B775-4C4F-422D-910B-89B753276277}.Debug|Any CPU.ActiveCfg = Debug|Any CPU
		{1136B775-4C4F-422D-910B-89B753276277}.Debug|Any CPU.Build.0 = Debug|Any CPU
		{1136B775-4C4F-422D-910B-89B753276277}.Debug|x64.ActiveCfg = Debug|Any CPU
		{1136B775-4C4F-422D-910B-89B753276277}.Debug|x64.Build.0 = Debug|Any CPU
		{1136B775-4C4F-422D-910B-89B753276277}.Debug|x86.ActiveCfg = Debug|Any CPU
		{1136B775-4C4F-422D-910B-89B753276277}.Debug|x86.Build.0 = Debug|Any CPU
		{1136B775-4C4F-422D-910B-89B753276277}.Release|Any CPU.ActiveCfg = Release|Any CPU
		{1136B775-4C4F-422D-910B-89B753276277}.Release|Any CPU.Build.0 = Release|Any CPU
		{1136B775-4C4F-422D-910B-89B753276277}.Release|x64.ActiveCfg = Release|Any CPU
		{1136B775-4C4F-422D-910B-89B753276277}.Release|x64.Build.0 = Release|Any CPU
		{1136B775-4C4F-422D-910B-89B753276277}.Release|x86.ActiveCfg = Release|Any CPU
		{1136B775-4C4F-422D-910B-89B753276277}.Release|x86.Build.0 = Release|Any CPU
		{4E9A3173-BA62-45B5-9C56-4EE7D4FEDC11}.Debug|Any CPU.ActiveCfg = Debug|Any CPU
		{4E9A3173-BA62-45B5-9C56-4EE7D4FEDC11}.Debug|Any CPU.Build.0 = Debug|Any CPU
		{4E9A3173-BA62-45B5-9C56-4EE7D4FEDC11}.Debug|x64.ActiveCfg = Debug|Any CPU
		{4E9A3173-BA62-45B5-9C56-4EE7D4FEDC11}.Debug|x64.Build.0 = Debug|Any CPU
		{4E9A3173-BA62-45B5-9C56-4EE7D4FEDC11}.Debug|x86.ActiveCfg = Debug|Any CPU
		{4E9A3173-BA62-45B5-9C56-4EE7D4FEDC11}.Debug|x86.Build.0 = Debug|Any CPU
		{4E9A3173-BA62-45B5-9C56-4EE7D4FEDC11}.Release|Any CPU.ActiveCfg = Release|Any CPU
		{4E9A3173-BA62-45B5-9C56-4EE7D4FEDC11}.Release|Any CPU.Build.0 = Release|Any CPU
		{4E9A3173-BA62-45B5-9C56-4EE7D4FEDC11}.Release|x64.ActiveCfg = Release|Any CPU
		{4E9A3173-BA62-45B5-9C56-4EE7D4FEDC11}.Release|x64.Build.0 = Release|Any CPU
		{4E9A3173-BA62-45B5-9C56-4EE7D4FEDC11}.Release|x86.ActiveCfg = Release|Any CPU
		{4E9A3173-BA62-45B5-9C56-4EE7D4FEDC11}.Release|x86.Build.0 = Release|Any CPU
		{66B849A7-8488-4014-BE4A-C7ABC016E9A8}.Debug|Any CPU.ActiveCfg = Debug|Any CPU
		{66B849A7-8488-4014-BE4A-C7ABC016E9A8}.Debug|Any CPU.Build.0 = Debug|Any CPU
		{66B849A7-8488-4014-BE4A-C7ABC016E9A8}.Debug|x64.ActiveCfg = Debug|Any CPU
		{66B849A7-8488-4014-BE4A-C7ABC016E9A8}.Debug|x64.Build.0 = Debug|Any CPU
		{66B849A7-8488-4014-BE4A-C7ABC016E9A8}.Debug|x86.ActiveCfg = Debug|Any CPU
		{66B849A7-8488-4014-BE4A-C7ABC016E9A8}.Debug|x86.Build.0 = Debug|Any CPU
		{66B849A7-8488-4014-BE4A-C7ABC016E9A8}.Release|Any CPU.ActiveCfg = Release|Any CPU
		{66B849A7-8488-4014-BE4A-C7ABC016E9A8}.Release|Any CPU.Build.0 = Release|Any CPU
		{66B849A7-8488-4014-BE4A-C7ABC016E9A8}.Release|x64.ActiveCfg = Release|Any CPU
		{66B849A7-8488-4014-BE4A-C7ABC016E9A8}.Release|x64.Build.0 = Release|Any CPU
		{66B849A7-8488-4014-BE4A-C7ABC016E9A8}.Release|x86.ActiveCfg = Release|Any CPU
		{66B849A7-8488-4014-BE4A-C7ABC016E9A8}.Release|x86.Build.0 = Release|Any CPU
		{E76C5108-2EE1-4763-BF6C-4058A821272A}.Debug|Any CPU.ActiveCfg = Debug|Any CPU
		{E76C5108-2EE1-4763-BF6C-4058A821272A}.Debug|Any CPU.Build.0 = Debug|Any CPU
		{E76C5108-2EE1-4763-BF6C-4058A821272A}.Debug|x64.ActiveCfg = Debug|Any CPU
		{E76C5108-2EE1-4763-BF6C-4058A821272A}.Debug|x64.Build.0 = Debug|Any CPU
		{E76C5108-2EE1-4763-BF6C-4058A821272A}.Debug|x86.ActiveCfg = Debug|Any CPU
		{E76C5108-2EE1-4763-BF6C-4058A821272A}.Debug|x86.Build.0 = Debug|Any CPU
		{E76C5108-2EE1-4763-BF6C-4058A821272A}.Release|Any CPU.ActiveCfg = Release|Any CPU
		{E76C5108-2EE1-4763-BF6C-4058A821272A}.Release|Any CPU.Build.0 = Release|Any CPU
		{E76C5108-2EE1-4763-BF6C-4058A821272A}.Release|x64.ActiveCfg = Release|Any CPU
		{E76C5108-2EE1-4763-BF6C-4058A821272A}.Release|x64.Build.0 = Release|Any CPU
		{E76C5108-2EE1-4763-BF6C-4058A821272A}.Release|x86.ActiveCfg = Release|Any CPU
		{E76C5108-2EE1-4763-BF6C-4058A821272A}.Release|x86.Build.0 = Release|Any CPU
		{A13BC9D2-8641-4B94-BE46-9904A59C3B98}.Debug|Any CPU.ActiveCfg = Debug|Any CPU
		{A13BC9D2-8641-4B94-BE46-9904A59C3B98}.Debug|Any CPU.Build.0 = Debug|Any CPU
		{A13BC9D2-8641-4B94-BE46-9904A59C3B98}.Debug|x64.ActiveCfg = Debug|Any CPU
		{A13BC9D2-8641-4B94-BE46-9904A59C3B98}.Debug|x64.Build.0 = Debug|Any CPU
		{A13BC9D2-8641-4B94-BE46-9904A59C3B98}.Debug|x86.ActiveCfg = Debug|Any CPU
		{A13BC9D2-8641-4B94-BE46-9904A59C3B98}.Debug|x86.Build.0 = Debug|Any CPU
		{A13BC9D2-8641-4B94-BE46-9904A59C3B98}.Release|Any CPU.ActiveCfg = Release|Any CPU
		{A13BC9D2-8641-4B94-BE46-9904A59C3B98}.Release|Any CPU.Build.0 = Release|Any CPU
		{A13BC9D2-8641-4B94-BE46-9904A59C3B98}.Release|x64.ActiveCfg = Release|Any CPU
		{A13BC9D2-8641-4B94-BE46-9904A59C3B98}.Release|x64.Build.0 = Release|Any CPU
		{A13BC9D2-8641-4B94-BE46-9904A59C3B98}.Release|x86.ActiveCfg = Release|Any CPU
		{A13BC9D2-8641-4B94-BE46-9904A59C3B98}.Release|x86.Build.0 = Release|Any CPU
		{98E99D7E-22A3-4871-A51E-CA173D3E0A65}.Debug|Any CPU.ActiveCfg = Debug|Any CPU
		{98E99D7E-22A3-4871-A51E-CA173D3E0A65}.Debug|Any CPU.Build.0 = Debug|Any CPU
		{98E99D7E-22A3-4871-A51E-CA173D3E0A65}.Debug|x64.ActiveCfg = Debug|Any CPU
		{98E99D7E-22A3-4871-A51E-CA173D3E0A65}.Debug|x64.Build.0 = Debug|Any CPU
		{98E99D7E-22A3-4871-A51E-CA173D3E0A65}.Debug|x86.ActiveCfg = Debug|Any CPU
		{98E99D7E-22A3-4871-A51E-CA173D3E0A65}.Debug|x86.Build.0 = Debug|Any CPU
		{98E99D7E-22A3-4871-A51E-CA173D3E0A65}.Release|Any CPU.ActiveCfg = Release|Any CPU
		{98E99D7E-22A3-4871-A51E-CA173D3E0A65}.Release|Any CPU.Build.0 = Release|Any CPU
		{98E99D7E-22A3-4871-A51E-CA173D3E0A65}.Release|x64.ActiveCfg = Release|Any CPU
		{98E99D7E-22A3-4871-A51E-CA173D3E0A65}.Release|x64.Build.0 = Release|Any CPU
		{98E99D7E-22A3-4871-A51E-CA173D3E0A65}.Release|x86.ActiveCfg = Release|Any CPU
		{98E99D7E-22A3-4871-A51E-CA173D3E0A65}.Release|x86.Build.0 = Release|Any CPU
		{C58A2D63-7B37-48AE-B4CB-4E1F5D3268FB}.Debug|Any CPU.ActiveCfg = Debug|Any CPU
		{C58A2D63-7B37-48AE-B4CB-4E1F5D3268FB}.Debug|Any CPU.Build.0 = Debug|Any CPU
		{C58A2D63-7B37-48AE-B4CB-4E1F5D3268FB}.Debug|x64.ActiveCfg = Debug|Any CPU
		{C58A2D63-7B37-48AE-B4CB-4E1F5D3268FB}.Debug|x64.Build.0 = Debug|Any CPU
		{C58A2D63-7B37-48AE-B4CB-4E1F5D3268FB}.Debug|x86.ActiveCfg = Debug|Any CPU
		{C58A2D63-7B37-48AE-B4CB-4E1F5D3268FB}.Debug|x86.Build.0 = Debug|Any CPU
		{C58A2D63-7B37-48AE-B4CB-4E1F5D3268FB}.Release|Any CPU.ActiveCfg = Release|Any CPU
		{C58A2D63-7B37-48AE-B4CB-4E1F5D3268FB}.Release|Any CPU.Build.0 = Release|Any CPU
		{C58A2D63-7B37-48AE-B4CB-4E1F5D3268FB}.Release|x64.ActiveCfg = Release|Any CPU
		{C58A2D63-7B37-48AE-B4CB-4E1F5D3268FB}.Release|x64.Build.0 = Release|Any CPU
		{C58A2D63-7B37-48AE-B4CB-4E1F5D3268FB}.Release|x86.ActiveCfg = Release|Any CPU
		{C58A2D63-7B37-48AE-B4CB-4E1F5D3268FB}.Release|x86.Build.0 = Release|Any CPU
		{C25DF412-282D-4222-89A3-1F691C14D961}.Debug|Any CPU.ActiveCfg = Debug|Any CPU
		{C25DF412-282D-4222-89A3-1F691C14D961}.Debug|Any CPU.Build.0 = Debug|Any CPU
		{C25DF412-282D-4222-89A3-1F691C14D961}.Debug|x64.ActiveCfg = Debug|Any CPU
		{C25DF412-282D-4222-89A3-1F691C14D961}.Debug|x64.Build.0 = Debug|Any CPU
		{C25DF412-282D-4222-89A3-1F691C14D961}.Debug|x86.ActiveCfg = Debug|Any CPU
		{C25DF412-282D-4222-89A3-1F691C14D961}.Debug|x86.Build.0 = Debug|Any CPU
		{C25DF412-282D-4222-89A3-1F691C14D961}.Release|Any CPU.ActiveCfg = Release|Any CPU
		{C25DF412-282D-4222-89A3-1F691C14D961}.Release|Any CPU.Build.0 = Release|Any CPU
		{C25DF412-282D-4222-89A3-1F691C14D961}.Release|x64.ActiveCfg = Release|Any CPU
		{C25DF412-282D-4222-89A3-1F691C14D961}.Release|x64.Build.0 = Release|Any CPU
		{C25DF412-282D-4222-89A3-1F691C14D961}.Release|x86.ActiveCfg = Release|Any CPU
		{C25DF412-282D-4222-89A3-1F691C14D961}.Release|x86.Build.0 = Release|Any CPU
	EndGlobalSection
	GlobalSection(SolutionProperties) = preSolution
		HideSolutionNode = FALSE
	EndGlobalSection
	GlobalSection(NestedProjects) = preSolution
		{A26A9C99-88C4-4ADC-ACC6-0AED2543F110} = {BD5AE551-5F09-40E9-A9F5-8C8EBF3C1F9B}
		{0AEE7973-776A-4A68-BA83-4EB0F8200613} = {BD5AE551-5F09-40E9-A9F5-8C8EBF3C1F9B}
		{C0152BF5-5BCD-4B89-9EC2-9DF7DBF0FBA5} = {BD5AE551-5F09-40E9-A9F5-8C8EBF3C1F9B}
		{1136B775-4C4F-422D-910B-89B753276277} = {BD5AE551-5F09-40E9-A9F5-8C8EBF3C1F9B}
		{4E9A3173-BA62-45B5-9C56-4EE7D4FEDC11} = {BD5AE551-5F09-40E9-A9F5-8C8EBF3C1F9B}
		{66B849A7-8488-4014-BE4A-C7ABC016E9A8} = {BD5AE551-5F09-40E9-A9F5-8C8EBF3C1F9B}
		{E76C5108-2EE1-4763-BF6C-4058A821272A} = {BD5AE551-5F09-40E9-A9F5-8C8EBF3C1F9B}
		{A13BC9D2-8641-4B94-BE46-9904A59C3B98} = {BD5AE551-5F09-40E9-A9F5-8C8EBF3C1F9B}
		{98E99D7E-22A3-4871-A51E-CA173D3E0A65} = {BD5AE551-5F09-40E9-A9F5-8C8EBF3C1F9B}
		{C58A2D63-7B37-48AE-B4CB-4E1F5D3268FB} = {BD5AE551-5F09-40E9-A9F5-8C8EBF3C1F9B}
		{C25DF412-282D-4222-89A3-1F691C14D961} = {BD5AE551-5F09-40E9-A9F5-8C8EBF3C1F9B}
	EndGlobalSection
	GlobalSection(ExtensibilityGlobals) = postSolution
		SolutionGuid = {759307D1-765A-4789-843E-48876E2AB572}
	EndGlobalSection
EndGlobal
